
Microsoft Visual Studio Solution File, Format Version 12.00
# Visual Studio Version 17
VisualStudioVersion = 17.13.35818.85 d17.13
MinimumVisualStudioVersion = 10.0.40219.1
Project("{FAE04EC0-301F-11D3-BF4B-00C04F79EFBC}") = "WindowsFormsApp1", "WindowsFormsApp1.csproj", "{186F0BB4-73D1-44AC-BAFC-35BCC0126821}"
EndProject
Global
	GlobalSection(SolutionConfigurationPlatforms) = preSolution
		Debug|Any CPU = Debug|Any CPU
		Release|Any CPU = Release|Any CPU
	EndGlobalSection
	GlobalSection(ProjectConfigurationPlatforms) = postSolution
		{186F0BB4-73D1-44AC-BAFC-35BCC0126821}.Debug|Any CPU.ActiveCfg = Debug|Any CPU
		{186F0BB4-73D1-44AC-BAFC-35BCC0126821}.Debug|Any CPU.Build.0 = Debug|Any CPU
		{186F0BB4-73D1-44AC-BAFC-35BCC0126821}.Release|Any CPU.ActiveCfg = Release|Any CPU
		{186F0BB4-73D1-44AC-BAFC-35BCC0126821}.Release|Any CPU.Build.0 = Release|Any CPU
	EndGlobalSection
	GlobalSection(SolutionProperties) = preSolution
		HideSolutionNode = FALSE
	EndGlobalSection
	GlobalSection(ExtensibilityGlobals) = postSolution
		SolutionGuid = {61F01928-15F9-4F26-9A15-C0F31A964FFA}
	EndGlobalSection
EndGlobal
