
Microsoft Visual Studio Solution File, Format Version 12.00
# Visual Studio Version 17
VisualStudioVersion = 17.13.35818.85 d17.13
MinimumVisualStudioVersion = 10.0.40219.1
Project("{FAE04EC0-301F-11D3-BF4B-00C04F79EFBC}") = "WindowsFormsApp1", "WindowsFormsApp1.csproj", "{767FB1F0-AE49-480A-B1A2-20B7E2226680}"
EndProject
Global
	GlobalSection(SolutionConfigurationPlatforms) = preSolution
		Debug|Any CPU = Debug|Any CPU
		Release|Any CPU = Release|Any CPU
	EndGlobalSection
	GlobalSection(ProjectConfigurationPlatforms) = postSolution
		{767FB1F0-AE49-480A-B1A2-20B7E2226680}.Debug|Any CPU.ActiveCfg = Debug|Any CPU
		{767FB1F0-AE49-480A-B1A2-20B7E2226680}.Debug|Any CPU.Build.0 = Debug|Any CPU
		{767FB1F0-AE49-480A-B1A2-20B7E2226680}.Release|Any CPU.ActiveCfg = Release|Any CPU
		{767FB1F0-AE49-480A-B1A2-20B7E2226680}.Release|Any CPU.Build.0 = Release|Any CPU
	EndGlobalSection
	GlobalSection(SolutionProperties) = preSolution
		HideSolutionNode = FALSE
	EndGlobalSection
	GlobalSection(ExtensibilityGlobals) = postSolution
		SolutionGuid = {76AA7203-E4DD-4DD1-ABDD-7994125F6116}
	EndGlobalSection
EndGlobal
