
Microsoft Visual Studio Solution File, Format Version 12.00
# Visual Studio Version 17
VisualStudioVersion = 17.13.35818.85 d17.13
MinimumVisualStudioVersion = 10.0.40219.1
Project("{FAE04EC0-301F-11D3-BF4B-00C04F79EFBC}") = "WinContainer", "WinContainer.csproj", "{D593A3FB-8068-4A61-802B-E6671F7CC9EA}"
EndProject
Global
	GlobalSection(SolutionConfigurationPlatforms) = preSolution
		Debug|Any CPU = Debug|Any CPU
		Release|Any CPU = Release|Any CPU
	EndGlobalSection
	GlobalSection(ProjectConfigurationPlatforms) = postSolution
		{D593A3FB-8068-4A61-802B-E6671F7CC9EA}.Debug|Any CPU.ActiveCfg = Debug|Any CPU
		{D593A3FB-8068-4A61-802B-E6671F7CC9EA}.Debug|Any CPU.Build.0 = Debug|Any CPU
		{D593A3FB-8068-4A61-802B-E6671F7CC9EA}.Release|Any CPU.ActiveCfg = Release|Any CPU
		{D593A3FB-8068-4A61-802B-E6671F7CC9EA}.Release|Any CPU.Build.0 = Release|Any CPU
	EndGlobalSection
	GlobalSection(SolutionProperties) = preSolution
		HideSolutionNode = FALSE
	EndGlobalSection
	GlobalSection(ExtensibilityGlobals) = postSolution
		SolutionGuid = {D765715B-D769-47FE-9D11-87AF90DFAC80}
	EndGlobalSection
EndGlobal
