
Microsoft Visual Studio Solution File, Format Version 12.00
# Visual Studio Version 17
VisualStudioVersion = 17.13.35818.85 d17.13
MinimumVisualStudioVersion = 10.0.40219.1
Project("{FAE04EC0-301F-11D3-BF4B-00C04F79EFBC}") = "№1", "№1.csproj", "{5205BD76-DA84-40FC-908C-B26A6A692102}"
EndProject
Global
	GlobalSection(SolutionConfigurationPlatforms) = preSolution
		Debug|Any CPU = Debug|Any CPU
		Release|Any CPU = Release|Any CPU
	EndGlobalSection
	GlobalSection(ProjectConfigurationPlatforms) = postSolution
		{5205BD76-DA84-40FC-908C-B26A6A692102}.Debug|Any CPU.ActiveCfg = Debug|Any CPU
		{5205BD76-DA84-40FC-908C-B26A6A692102}.Debug|Any CPU.Build.0 = Debug|Any CPU
		{5205BD76-DA84-40FC-908C-B26A6A692102}.Release|Any CPU.ActiveCfg = Release|Any CPU
		{5205BD76-DA84-40FC-908C-B26A6A692102}.Release|Any CPU.Build.0 = Release|Any CPU
	EndGlobalSection
	GlobalSection(SolutionProperties) = preSolution
		HideSolutionNode = FALSE
	EndGlobalSection
	GlobalSection(ExtensibilityGlobals) = postSolution
		SolutionGuid = {B7A99AA1-AFC7-43E9-9968-3B2FBFD575FD}
	EndGlobalSection
EndGlobal
