
Microsoft Visual Studio Solution File, Format Version 12.00
# Visual Studio Version 17
VisualStudioVersion = 17.13.35818.85 d17.13
MinimumVisualStudioVersion = 10.0.40219.1
Project("{FAE04EC0-301F-11D3-BF4B-00C04F79EFBC}") = "№2", "№2.csproj", "{398677B8-760D-4231-9317-02E68942A11A}"
EndProject
Global
	GlobalSection(SolutionConfigurationPlatforms) = preSolution
		Debug|Any CPU = Debug|Any CPU
		Release|Any CPU = Release|Any CPU
	EndGlobalSection
	GlobalSection(ProjectConfigurationPlatforms) = postSolution
		{398677B8-760D-4231-9317-02E68942A11A}.Debug|Any CPU.ActiveCfg = Debug|Any CPU
		{398677B8-760D-4231-9317-02E68942A11A}.Debug|Any CPU.Build.0 = Debug|Any CPU
		{398677B8-760D-4231-9317-02E68942A11A}.Release|Any CPU.ActiveCfg = Release|Any CPU
		{398677B8-760D-4231-9317-02E68942A11A}.Release|Any CPU.Build.0 = Release|Any CPU
	EndGlobalSection
	GlobalSection(SolutionProperties) = preSolution
		HideSolutionNode = FALSE
	EndGlobalSection
	GlobalSection(ExtensibilityGlobals) = postSolution
		SolutionGuid = {2BBD9440-15F0-4731-BDFB-AC5CF38F37C4}
	EndGlobalSection
EndGlobal
