
Microsoft Visual Studio Solution File, Format Version 12.00
# Visual Studio Version 17
VisualStudioVersion = 17.13.35818.85 d17.13
MinimumVisualStudioVersion = 10.0.40219.1
Project("{FAE04EC0-301F-11D3-BF4B-00C04F79EFBC}") = "№1", "№1.csproj", "{57B402DB-C442-4A72-88A4-F29AF463F7BB}"
EndProject
Global
	GlobalSection(SolutionConfigurationPlatforms) = preSolution
		Debug|Any CPU = Debug|Any CPU
		Release|Any CPU = Release|Any CPU
	EndGlobalSection
	GlobalSection(ProjectConfigurationPlatforms) = postSolution
		{57B402DB-C442-4A72-88A4-F29AF463F7BB}.Debug|Any CPU.ActiveCfg = Debug|Any CPU
		{57B402DB-C442-4A72-88A4-F29AF463F7BB}.Debug|Any CPU.Build.0 = Debug|Any CPU
		{57B402DB-C442-4A72-88A4-F29AF463F7BB}.Release|Any CPU.ActiveCfg = Release|Any CPU
		{57B402DB-C442-4A72-88A4-F29AF463F7BB}.Release|Any CPU.Build.0 = Release|Any CPU
	EndGlobalSection
	GlobalSection(SolutionProperties) = preSolution
		HideSolutionNode = FALSE
	EndGlobalSection
	GlobalSection(ExtensibilityGlobals) = postSolution
		SolutionGuid = {972E65A3-D93A-4E90-A1EA-62F5EF5B6A93}
	EndGlobalSection
EndGlobal
