
Microsoft Visual Studio Solution File, Format Version 12.00
# Visual Studio Version 17
VisualStudioVersion = 17.13.35818.85 d17.13
MinimumVisualStudioVersion = 10.0.40219.1
Project("{FAE04EC0-301F-11D3-BF4B-00C04F79EFBC}") = "WindowsFormsApp1", "WindowsFormsApp1.csproj", "{ED9C4CFF-BE7B-43C4-9CD0-D8D272CCB395}"
EndProject
Project("{FAE04EC0-301F-11D3-BF4B-00C04F79EFBC}") = "MultiLangSupportResources", "..\MultiLangSupportResources\MultiLangSupportResources.csproj", "{0F4FC049-8041-4730-979A-1DD4E1E61022}"
EndProject
Global
	GlobalSection(SolutionConfigurationPlatforms) = preSolution
		Debug|Any CPU = Debug|Any CPU
		Release|Any CPU = Release|Any CPU
	EndGlobalSection
	GlobalSection(ProjectConfigurationPlatforms) = postSolution
		{ED9C4CFF-BE7B-43C4-9CD0-D8D272CCB395}.Debug|Any CPU.ActiveCfg = Debug|Any CPU
		{ED9C4CFF-BE7B-43C4-9CD0-D8D272CCB395}.Debug|Any CPU.Build.0 = Debug|Any CPU
		{ED9C4CFF-BE7B-43C4-9CD0-D8D272CCB395}.Release|Any CPU.ActiveCfg = Release|Any CPU
		{ED9C4CFF-BE7B-43C4-9CD0-D8D272CCB395}.Release|Any CPU.Build.0 = Release|Any CPU
		{0F4FC049-8041-4730-979A-1DD4E1E61022}.Debug|Any CPU.ActiveCfg = Debug|Any CPU
		{0F4FC049-8041-4730-979A-1DD4E1E61022}.Debug|Any CPU.Build.0 = Debug|Any CPU
		{0F4FC049-8041-4730-979A-1DD4E1E61022}.Release|Any CPU.ActiveCfg = Release|Any CPU
		{0F4FC049-8041-4730-979A-1DD4E1E61022}.Release|Any CPU.Build.0 = Release|Any CPU
	EndGlobalSection
	GlobalSection(SolutionProperties) = preSolution
		HideSolutionNode = FALSE
	EndGlobalSection
	GlobalSection(ExtensibilityGlobals) = postSolution
		SolutionGuid = {123439BE-A909-42CF-87F7-4EEC1E5A0950}
	EndGlobalSection
EndGlobal
