
Microsoft Visual Studio Solution File, Format Version 12.00
# Visual Studio Version 17
VisualStudioVersion = 17.13.35818.85 d17.13
MinimumVisualStudioVersion = 10.0.40219.1
Project("{FAE04EC0-301F-11D3-BF4B-00C04F79EFBC}") = "WinButNum", "WinButNum.csproj", "{123A5745-BEB0-493F-BC4F-E0137A1D322E}"
EndProject
Global
	GlobalSection(SolutionConfigurationPlatforms) = preSolution
		Debug|Any CPU = Debug|Any CPU
		Release|Any CPU = Release|Any CPU
	EndGlobalSection
	GlobalSection(ProjectConfigurationPlatforms) = postSolution
		{123A5745-BEB0-493F-BC4F-E0137A1D322E}.Debug|Any CPU.ActiveCfg = Debug|Any CPU
		{123A5745-BEB0-493F-BC4F-E0137A1D322E}.Debug|Any CPU.Build.0 = Debug|Any CPU
		{123A5745-BEB0-493F-BC4F-E0137A1D322E}.Release|Any CPU.ActiveCfg = Release|Any CPU
		{123A5745-BEB0-493F-BC4F-E0137A1D322E}.Release|Any CPU.Build.0 = Release|Any CPU
	EndGlobalSection
	GlobalSection(SolutionProperties) = preSolution
		HideSolutionNode = FALSE
	EndGlobalSection
	GlobalSection(ExtensibilityGlobals) = postSolution
		SolutionGuid = {710DF4A9-384A-43AC-8424-56F0820B92B5}
	EndGlobalSection
EndGlobal
