
Microsoft Visual Studio Solution File, Format Version 12.00
# Visual Studio Version 17
VisualStudioVersion = 17.13.35818.85 d17.13
MinimumVisualStudioVersion = 10.0.40219.1
Project("{FAE04EC0-301F-11D3-BF4B-00C04F79EFBC}") = "№1", "№1.csproj", "{FCC86A26-FACA-4A17-A404-80EFF62CE3C7}"
EndProject
Global
	GlobalSection(SolutionConfigurationPlatforms) = preSolution
		Debug|Any CPU = Debug|Any CPU
		Release|Any CPU = Release|Any CPU
	EndGlobalSection
	GlobalSection(ProjectConfigurationPlatforms) = postSolution
		{FCC86A26-FACA-4A17-A404-80EFF62CE3C7}.Debug|Any CPU.ActiveCfg = Debug|Any CPU
		{FCC86A26-FACA-4A17-A404-80EFF62CE3C7}.Debug|Any CPU.Build.0 = Debug|Any CPU
		{FCC86A26-FACA-4A17-A404-80EFF62CE3C7}.Release|Any CPU.ActiveCfg = Release|Any CPU
		{FCC86A26-FACA-4A17-A404-80EFF62CE3C7}.Release|Any CPU.Build.0 = Release|Any CPU
	EndGlobalSection
	GlobalSection(SolutionProperties) = preSolution
		HideSolutionNode = FALSE
	EndGlobalSection
	GlobalSection(ExtensibilityGlobals) = postSolution
		SolutionGuid = {5D760107-35C7-48E2-A37A-29593055B30E}
	EndGlobalSection
EndGlobal
