
Microsoft Visual Studio Solution File, Format Version 12.00
# Visual Studio Version 17
VisualStudioVersion = 17.13.35818.85 d17.13
MinimumVisualStudioVersion = 10.0.40219.1
Project("{FAE04EC0-301F-11D3-BF4B-00C04F79EFBC}") = "№2", "№2.csproj", "{A430E096-9E02-4307-BDE5-979E6CADFBAA}"
EndProject
Global
	GlobalSection(SolutionConfigurationPlatforms) = preSolution
		Debug|Any CPU = Debug|Any CPU
		Release|Any CPU = Release|Any CPU
	EndGlobalSection
	GlobalSection(ProjectConfigurationPlatforms) = postSolution
		{A430E096-9E02-4307-BDE5-979E6CADFBAA}.Debug|Any CPU.ActiveCfg = Debug|Any CPU
		{A430E096-9E02-4307-BDE5-979E6CADFBAA}.Debug|Any CPU.Build.0 = Debug|Any CPU
		{A430E096-9E02-4307-BDE5-979E6CADFBAA}.Release|Any CPU.ActiveCfg = Release|Any CPU
		{A430E096-9E02-4307-BDE5-979E6CADFBAA}.Release|Any CPU.Build.0 = Release|Any CPU
	EndGlobalSection
	GlobalSection(SolutionProperties) = preSolution
		HideSolutionNode = FALSE
	EndGlobalSection
	GlobalSection(ExtensibilityGlobals) = postSolution
		SolutionGuid = {DF5E654A-B088-4846-B833-4F078E3526B0}
	EndGlobalSection
EndGlobal
