
Microsoft Visual Studio Solution File, Format Version 12.00
# Visual Studio Version 17
VisualStudioVersion = 17.13.35818.85 d17.13
MinimumVisualStudioVersion = 10.0.40219.1
Project("{FAE04EC0-301F-11D3-BF4B-00C04F79EFBC}") = "TestStandartDialog", "TestStandartDialog.csproj", "{2035CA18-E6ED-4C3A-B523-EDE95F67560C}"
EndProject
Global
	GlobalSection(SolutionConfigurationPlatforms) = preSolution
		Debug|Any CPU = Debug|Any CPU
		Release|Any CPU = Release|Any CPU
	EndGlobalSection
	GlobalSection(ProjectConfigurationPlatforms) = postSolution
		{2035CA18-E6ED-4C3A-B523-EDE95F67560C}.Debug|Any CPU.ActiveCfg = Debug|Any CPU
		{2035CA18-E6ED-4C3A-B523-EDE95F67560C}.Debug|Any CPU.Build.0 = Debug|Any CPU
		{2035CA18-E6ED-4C3A-B523-EDE95F67560C}.Release|Any CPU.ActiveCfg = Release|Any CPU
		{2035CA18-E6ED-4C3A-B523-EDE95F67560C}.Release|Any CPU.Build.0 = Release|Any CPU
	EndGlobalSection
	GlobalSection(SolutionProperties) = preSolution
		HideSolutionNode = FALSE
	EndGlobalSection
	GlobalSection(ExtensibilityGlobals) = postSolution
		SolutionGuid = {F200AEEF-B7F5-476E-B449-E9A3889F23DB}
	EndGlobalSection
EndGlobal
